// !$*UTF8*$!
{
	archiveVersion = 1;
	classes = {
	};
	objectVersion = 100;
	objects = {

/* Begin PBXBuildFile section */
		F6010000305A000000000001 /* rsync in Embed Executables */ = {isa = PBXBuildFile; fileRef = F6010000305A000000000002 /* rsync */; settings = {ATTRIBUTES = (CodeSignOnCopy, ); }; };
/* End PBXBuildFile section */

/* Begin PBXContainerItemProxy section */
		F6010000305A000000000004 /* MusiCards Sync test host proxy */ = {
			isa = PBXContainerItemProxy;
			containerPortal = F6010000305A000000000010 /* Project object */;
			proxyType = 1;
			remoteGlobalIDString = F6010000305A000000000011;
			remoteInfo = "MusiCards Sync";
		};
/* End PBXContainerItemProxy section */

/* Begin PBXCopyFilesBuildPhase section */
		F6010000305A000000000003 /* Embed Executables */ = {
			isa = PBXCopyFilesBuildPhase;
			buildActionMask = 2147483647;
			dstPath = "";
			dstSubfolderSpec = 6;
			files = (
				F6010000305A000000000001 /* rsync in Embed Executables */,
			);
			name = "Embed Executables";
			runOnlyForDeploymentPostprocessing = 0;
		};
/* End PBXCopyFilesBuildPhase section */

/* Begin PBXFileReference section */
		F6010000305A000000000002 /* rsync */ = {isa = PBXFileReference; lastKnownFileType = "compiled.mach-o.executable"; path = ThirdParty/rsync/rsync; sourceTree = "<group>"; };
		F6010000305A000000000012 /* MusiCards Sync.app */ = {isa = PBXFileReference; explicitFileType = wrapper.application; includeInIndex = 0; path = "MusiCards Sync.app"; sourceTree = BUILT_PRODUCTS_DIR; };
		F6010000305A000000000013 /* MusiCards SyncTests.xctest */ = {isa = PBXFileReference; explicitFileType = wrapper.cfbundle; includeInIndex = 0; path = "MusiCards SyncTests.xctest"; sourceTree = BUILT_PRODUCTS_DIR; };
/* End PBXFileReference section */

/* Begin PBXFileSystemSynchronizedRootGroup section */
		F6010000305A000000000020 /* MusiCards Sync */ = {
			isa = PBXFileSystemSynchronizedRootGroup;
			path = "MusiCards Sync";
			sourceTree = "<group>";
		};
		F6010000305A000000000021 /* MusiCards SyncTests */ = {
			isa = PBXFileSystemSynchronizedRootGroup;
			path = "MusiCards SyncTests";
			sourceTree = "<group>";
		};
		F6010000305A000000000022 /* Shared */ = {
			isa = PBXFileSystemSynchronizedRootGroup;
			path = Shared;
			sourceTree = "<group>";
		};
/* End PBXFileSystemSynchronizedRootGroup section */

/* Begin PBXFrameworksBuildPhase section */
		F6010000305A000000000031 /* Frameworks */ = {
			isa = PBXFrameworksBuildPhase;
			buildActionMask = 2147483647;
			files = (
			);
			runOnlyForDeploymentPostprocessing = 0;
		};
		F6010000305A000000000032 /* Frameworks */ = {
			isa = PBXFrameworksBuildPhase;
			buildActionMask = 2147483647;
			files = (
			);
			runOnlyForDeploymentPostprocessing = 0;
		};
/* End PBXFrameworksBuildPhase section */

/* Begin PBXGroup section */
		F6010000305A000000000040 = {
			isa = PBXGroup;
			children = (
				F6010000305A000000000041 /* Products */,
				F6010000305A000000000020 /* MusiCards Sync */,
				F6010000305A000000000021 /* MusiCards SyncTests */,
				F6010000305A000000000022 /* Shared */,
				F6010000305A000000000002 /* rsync */,
			);
			sourceTree = "<group>";
		};
		F6010000305A000000000041 /* Products */ = {
			isa = PBXGroup;
			children = (
				F6010000305A000000000012 /* MusiCards Sync.app */,
				F6010000305A000000000013 /* MusiCards SyncTests.xctest */,
			);
			name = Products;
			sourceTree = "<group>";
		};
/* End PBXGroup section */

/* Begin PBXNativeTarget section */
		F6010000305A000000000011 /* MusiCards Sync */ = {
			isa = PBXNativeTarget;
			buildConfigurationList = F6010000305A000000000061 /* Build configuration list for PBXNativeTarget "MusiCards Sync" */;
			buildPhases = (
				F6010000305A000000000030 /* Sources */,
				F6010000305A000000000031 /* Frameworks */,
				F6010000305A000000000033 /* Resources */,
				F6010000305A000000000003 /* Embed Executables */,
			);
			buildRules = (
			);
			fileSystemSynchronizedGroups = (
				F6010000305A000000000020 /* MusiCards Sync */,
				F6010000305A000000000022 /* Shared */,
			);
			name = "MusiCards Sync";
			productName = "MusiCards Sync";
			productReference = F6010000305A000000000012 /* MusiCards Sync.app */;
			productType = "com.apple.product-type.application";
		};
		F6010000305A000000000014 /* MusiCards SyncTests */ = {
			isa = PBXNativeTarget;
			buildConfigurationList = F6010000305A000000000062 /* Build configuration list for PBXNativeTarget "MusiCards SyncTests" */;
			buildPhases = (
				F6010000305A000000000034 /* Sources */,
				F6010000305A000000000032 /* Frameworks */,
				F6010000305A000000000035 /* Resources */,
			);
			buildRules = (
			);
			dependencies = (
				F6010000305A000000000005 /* PBXTargetDependency */,
			);
			fileSystemSynchronizedGroups = (
				F6010000305A000000000021 /* MusiCards SyncTests */,
			);
			name = "MusiCards SyncTests";
			productName = "MusiCards SyncTests";
			productReference = F6010000305A000000000013 /* MusiCards SyncTests.xctest */;
			productType = "com.apple.product-type.bundle.unit-test";
		};
/* End PBXNativeTarget section */

/* Begin PBXProject section */
		F6010000305A000000000010 /* Project object */ = {
			isa = PBXProject;
			attributes = {
				BuildIndependentTargetsInParallel = 1;
				LastSwiftUpdateCheck = 2650;
				LastUpgradeCheck = 2660;
				TargetAttributes = {
					F6010000305A000000000011 = {
						CreatedOnToolsVersion = 26.6;
					};
					F6010000305A000000000014 = {
						CreatedOnToolsVersion = 26.6;
						TestTargetID = F6010000305A000000000011;
					};
				};
			};
			buildConfigurationList = F6010000305A000000000060 /* Build configuration list for PBXProject "MusiCardsSync" */;
			developmentRegion = en;
			hasScannedForEncodings = 0;
			knownRegions = (
				en,
				Base,
			);
			mainGroup = F6010000305A000000000040;
			productRefGroup = F6010000305A000000000041 /* Products */;
			projectDirPath = "";
			projectRoot = "";
			targets = (
				F6010000305A000000000011 /* MusiCards Sync */,
				F6010000305A000000000014 /* MusiCards SyncTests */,
			);
		};
/* End PBXProject section */

/* Begin PBXResourcesBuildPhase section */
		F6010000305A000000000033 /* Resources */ = {
			isa = PBXResourcesBuildPhase;
			buildActionMask = 2147483647;
			files = (
			);
			runOnlyForDeploymentPostprocessing = 0;
		};
		F6010000305A000000000035 /* Resources */ = {
			isa = PBXResourcesBuildPhase;
			buildActionMask = 2147483647;
			files = (
			);
			runOnlyForDeploymentPostprocessing = 0;
		};
/* End PBXResourcesBuildPhase section */

/* Begin PBXSourcesBuildPhase section */
		F6010000305A000000000030 /* Sources */ = {
			isa = PBXSourcesBuildPhase;
			buildActionMask = 2147483647;
			files = (
			);
			runOnlyForDeploymentPostprocessing = 0;
		};
		F6010000305A000000000034 /* Sources */ = {
			isa = PBXSourcesBuildPhase;
			buildActionMask = 2147483647;
			files = (
			);
			runOnlyForDeploymentPostprocessing = 0;
		};
/* End PBXSourcesBuildPhase section */

/* Begin PBXTargetDependency section */
		F6010000305A000000000005 /* PBXTargetDependency */ = {
			isa = PBXTargetDependency;
			target = F6010000305A000000000011 /* MusiCards Sync */;
			targetProxy = F6010000305A000000000004 /* MusiCards Sync test host proxy */;
		};
/* End PBXTargetDependency section */

/* Begin XCBuildConfiguration section */
		F6010000305A000000000063 /* Debug configuration for PBXNativeTarget "MusiCards Sync" */ = {
			isa = XCBuildConfiguration;
			buildSettings = {
				ARCHS = arm64;
				ASSETCATALOG_COMPILER_APPICON_NAME = AppIcon;
				ASSETCATALOG_COMPILER_GLOBAL_ACCENT_COLOR_NAME = AccentColor;
				CODE_SIGN_STYLE = Automatic;
				COMBINE_HIDPI_IMAGES = YES;
				CURRENT_PROJECT_VERSION = 1;
				DEVELOPMENT_TEAM = 963B9MS98N;
				ENABLE_APP_SANDBOX = NO;
				ENABLE_HARDENED_RUNTIME = YES;
				ENABLE_PREVIEWS = YES;
				EXCLUDED_ARCHS = x86_64;
				GENERATE_INFOPLIST_FILE = YES;
				INFOPLIST_KEY_CFBundleDisplayName = "MusiCards Sync";
				INFOPLIST_KEY_LSApplicationCategoryType = "public.app-category.utilities";
				INFOPLIST_KEY_NSHumanReadableCopyright = "";
				LD_RUNPATH_SEARCH_PATHS = ("$(inherited)", "@executable_path/../Frameworks");
				MACOSX_DEPLOYMENT_TARGET = 26.0;
				MARKETING_VERSION = 1.0;
				PRODUCT_BUNDLE_IDENTIFIER = "hu.hildgyorgy.MusiCards-Sync";
				PRODUCT_NAME = "$(TARGET_NAME)";
				REGISTER_APP_GROUPS = YES;
				SDKROOT = macosx;
				STRING_CATALOG_GENERATE_SYMBOLS = YES;
				SUPPORTED_PLATFORMS = macosx;
				SWIFT_APPROACHABLE_CONCURRENCY = YES;
				SWIFT_DEFAULT_ACTOR_ISOLATION = MainActor;
				SWIFT_EMIT_LOC_STRINGS = YES;
				SWIFT_UPCOMING_FEATURE_MEMBER_IMPORT_VISIBILITY = YES;
				SWIFT_VERSION = 6.0;
			};
			name = Debug;
		};
		F6010000305A000000000064 /* Release configuration for PBXNativeTarget "MusiCards Sync" */ = {
			isa = XCBuildConfiguration;
			buildSettings = {
				ARCHS = arm64;
				ASSETCATALOG_COMPILER_APPICON_NAME = AppIcon;
				ASSETCATALOG_COMPILER_GLOBAL_ACCENT_COLOR_NAME = AccentColor;
				CODE_SIGN_STYLE = Automatic;
				COMBINE_HIDPI_IMAGES = YES;
				CURRENT_PROJECT_VERSION = 1;
				DEVELOPMENT_TEAM = 963B9MS98N;
				ENABLE_APP_SANDBOX = NO;
				ENABLE_HARDENED_RUNTIME = YES;
				ENABLE_PREVIEWS = YES;
				EXCLUDED_ARCHS = x86_64;
				GENERATE_INFOPLIST_FILE = YES;
				INFOPLIST_KEY_CFBundleDisplayName = "MusiCards Sync";
				INFOPLIST_KEY_LSApplicationCategoryType = "public.app-category.utilities";
				INFOPLIST_KEY_NSHumanReadableCopyright = "";
				LD_RUNPATH_SEARCH_PATHS = ("$(inherited)", "@executable_path/../Frameworks");
				MACOSX_DEPLOYMENT_TARGET = 26.0;
				MARKETING_VERSION = 1.0;
				PRODUCT_BUNDLE_IDENTIFIER = "hu.hildgyorgy.MusiCards-Sync";
				PRODUCT_NAME = "$(TARGET_NAME)";
				REGISTER_APP_GROUPS = YES;
				SDKROOT = macosx;
				STRING_CATALOG_GENERATE_SYMBOLS = YES;
				SUPPORTED_PLATFORMS = macosx;
				SWIFT_APPROACHABLE_CONCURRENCY = YES;
				SWIFT_DEFAULT_ACTOR_ISOLATION = MainActor;
				SWIFT_EMIT_LOC_STRINGS = YES;
				SWIFT_UPCOMING_FEATURE_MEMBER_IMPORT_VISIBILITY = YES;
				SWIFT_VERSION = 6.0;
			};
			name = Release;
		};
		F6010000305A000000000065 /* Debug configuration for PBXNativeTarget "MusiCards SyncTests" */ = {
			isa = XCBuildConfiguration;
			buildSettings = {
				ARCHS = arm64;
				BUNDLE_LOADER = "$(TEST_HOST)";
				CODE_SIGN_STYLE = Automatic;
				CURRENT_PROJECT_VERSION = 1;
				DEVELOPMENT_TEAM = 963B9MS98N;
				EXCLUDED_ARCHS = x86_64;
				GENERATE_INFOPLIST_FILE = YES;
				MACOSX_DEPLOYMENT_TARGET = 26.5;
				MARKETING_VERSION = 1.0;
				PRODUCT_BUNDLE_IDENTIFIER = "hu.hildgyorgy.MusiCards-SyncTests";
				PRODUCT_NAME = "$(TARGET_NAME)";
				SDKROOT = macosx;
				SUPPORTED_PLATFORMS = macosx;
				SWIFT_DEFAULT_ACTOR_ISOLATION = nonisolated;
				SWIFT_VERSION = 6.0;
				TEST_HOST = "$(BUILT_PRODUCTS_DIR)/MusiCards Sync.app/Contents/MacOS/MusiCards Sync";
			};
			name = Debug;
		};
		F6010000305A000000000066 /* Release configuration for PBXNativeTarget "MusiCards SyncTests" */ = {
			isa = XCBuildConfiguration;
			buildSettings = {
				ARCHS = arm64;
				BUNDLE_LOADER = "$(TEST_HOST)";
				CODE_SIGN_STYLE = Automatic;
				CURRENT_PROJECT_VERSION = 1;
				DEVELOPMENT_TEAM = 963B9MS98N;
				EXCLUDED_ARCHS = x86_64;
				GENERATE_INFOPLIST_FILE = YES;
				MACOSX_DEPLOYMENT_TARGET = 26.5;
				MARKETING_VERSION = 1.0;
				PRODUCT_BUNDLE_IDENTIFIER = "hu.hildgyorgy.MusiCards-SyncTests";
				PRODUCT_NAME = "$(TARGET_NAME)";
				SDKROOT = macosx;
				SUPPORTED_PLATFORMS = macosx;
				SWIFT_DEFAULT_ACTOR_ISOLATION = nonisolated;
				SWIFT_VERSION = 6.0;
				TEST_HOST = "$(BUILT_PRODUCTS_DIR)/MusiCards Sync.app/Contents/MacOS/MusiCards Sync";
			};
			name = Release;
		};
		F6010000305A000000000067 /* Debug configuration for PBXProject "MusiCardsSync" */ = {
			isa = XCBuildConfiguration;
			buildSettings = {
				ARCHS = arm64;
				ENABLE_TESTABILITY = YES;
				EXCLUDED_ARCHS = x86_64;
				MACOSX_DEPLOYMENT_TARGET = 26.0;
				ONLY_ACTIVE_ARCH = YES;
				SWIFT_ACTIVE_COMPILATION_CONDITIONS = "DEBUG $(inherited)";
				SWIFT_OPTIMIZATION_LEVEL = "-Onone";
			};
			name = Debug;
		};
		F6010000305A000000000068 /* Release configuration for PBXProject "MusiCardsSync" */ = {
			isa = XCBuildConfiguration;
			buildSettings = {
				ARCHS = arm64;
				EXCLUDED_ARCHS = x86_64;
				MACOSX_DEPLOYMENT_TARGET = 26.0;
			};
			name = Release;
		};
/* End XCBuildConfiguration section */

/* Begin XCConfigurationList section */
		F6010000305A000000000060 /* Build configuration list for PBXProject "MusiCardsSync" */ = {
			isa = XCConfigurationList;
			buildConfigurations = (
				F6010000305A000000000067 /* Debug configuration for PBXProject "MusiCardsSync" */,
				F6010000305A000000000068 /* Release configuration for PBXProject "MusiCardsSync" */,
			);
			defaultConfigurationName = Release;
		};
		F6010000305A000000000061 /* Build configuration list for PBXNativeTarget "MusiCards Sync" */ = {
			isa = XCConfigurationList;
			buildConfigurations = (
				F6010000305A000000000063 /* Debug configuration for PBXNativeTarget "MusiCards Sync" */,
				F6010000305A000000000064 /* Release configuration for PBXNativeTarget "MusiCards Sync" */,
			);
			defaultConfigurationName = Release;
		};
		F6010000305A000000000062 /* Build configuration list for PBXNativeTarget "MusiCards SyncTests" */ = {
			isa = XCConfigurationList;
			buildConfigurations = (
				F6010000305A000000000065 /* Debug configuration for PBXNativeTarget "MusiCards SyncTests" */,
				F6010000305A000000000066 /* Release configuration for PBXNativeTarget "MusiCards SyncTests" */,
			);
			defaultConfigurationName = Release;
		};
/* End XCConfigurationList section */
	};
	rootObject = F6010000305A000000000010 /* Project object */;
}
